
Microsoft Visual Studio Solution File, Format Version 12.00
# Visual Studio 15
VisualStudioVersion = 15.0.28010.2036
MinimumVisualStudioVersion = 10.0.40219.1
Project("{FAE04EC0-301F-11D3-BF4B-00C04F79EFBC}") = "CreateAPI", "CreateAPI\CreateAPI.csproj", "{05B6E588-BB0A-469F-9854-9729CA0117B3}"
EndProject
Global
	GlobalSection(SolutionConfigurationPlatforms) = preSolution
		Debug|Any CPU = Debug|Any CPU
		Release|Any CPU = Release|Any CPU
	EndGlobalSection
	GlobalSection(ProjectConfigurationPlatforms) = postSolution
		{05B6E588-BB0A-469F-9854-9729CA0117B3}.Debug|Any CPU.ActiveCfg = Debug|Any CPU
		{05B6E588-BB0A-469F-9854-9729CA0117B3}.Debug|Any CPU.Build.0 = Debug|Any CPU
		{05B6E588-BB0A-469F-9854-9729CA0117B3}.Release|Any CPU.ActiveCfg = Release|Any CPU
		{05B6E588-BB0A-469F-9854-9729CA0117B3}.Release|Any CPU.Build.0 = Release|Any CPU
	EndGlobalSection
	GlobalSection(SolutionProperties) = preSolution
		HideSolutionNode = FALSE
	EndGlobalSection
	GlobalSection(ExtensibilityGlobals) = postSolution
		SolutionGuid = {2AAAA8F1-E258-43B8-93F7-4CF7D617AE58}
	EndGlobalSection
EndGlobal
